
Microsoft Visual Studio Solution File, Format Version 12.00
# Visual Studio Version 16
VisualStudioVersion = 16.0.30413.136
MinimumVisualStudioVersion = 10.0.40219.1
Project("{888888A0-9F3D-457C-B088-3A5042F75D52}") = "numerologiaaa", "numerologiaaa\numerologiaaa.pyproj", "{F8011E95-313E-4DE6-86BE-05BB5E34ACFA}"
EndProject
Global
	GlobalSection(SolutionConfigurationPlatforms) = preSolution
		Debug|Any CPU = Debug|Any CPU
		Release|Any CPU = Release|Any CPU
	EndGlobalSection
	GlobalSection(ProjectConfigurationPlatforms) = postSolution
		{F8011E95-313E-4DE6-86BE-05BB5E34ACFA}.Debug|Any CPU.ActiveCfg = Debug|Any CPU
		{F8011E95-313E-4DE6-86BE-05BB5E34ACFA}.Release|Any CPU.ActiveCfg = Release|Any CPU
	EndGlobalSection
	GlobalSection(SolutionProperties) = preSolution
		HideSolutionNode = FALSE
	EndGlobalSection
	GlobalSection(ExtensibilityGlobals) = postSolution
		SolutionGuid = {8A7A3FA0-EC56-4160-BE36-DE6D528F71A2}
	EndGlobalSection
EndGlobal
